Microsoft Visual Studio Solution File, Format Version 12.00
# Visual Studio Version 17
VisualStudioVersion = 17.0.31919.166
MinimumVisualStudioVersion = 10.0.40219.1
Project("{FAE04EC0-301F-11D3-BF4B-00C04F79EFBC}") = "LicenseManager.API", "LicenseManager.API\LicenseManager.API.csproj", "{798FE7D1-8587-4F4B-BF2F-2EF95A56AE79}"
EndProject
Project("{2150E333-8FDC-42A3-9474-1A3956D46DE8}") = "Solution Items", "Solution Items", "{3C3F85A3-4DB5-4303-A9B3-8D9357C63D2D}"
	ProjectSection(SolutionItems) = preProject
		compose.yaml = compose.yaml
		README.md = README.md
		.gitignore = .gitignore
	EndProjectSection
EndProject
Project("{FAE04EC0-301F-11D3-BF4B-00C04F79EFBC}") = "LicenseManager.SharedKernel", "LicenseManager.SharedKernel\LicenseManager.SharedKernel.csproj", "{9D8AF0A4-4064-4503-BA80-E9572186C9EA}"
EndProject
Project("{2150E333-8FDC-42A3-9474-1A3956D46DE8}") = "Modules", "Modules", "{87DE7A78-D40F-4DA0-84C4-4F861AAE745D}"
EndProject
Project("{FAE04EC0-301F-11D3-BF4B-00C04F79EFBC}") = "LicenseManager.Observability", "LicenseManager.Observability\LicenseManager.Observability.csproj", "{D9E33767-D135-470A-B62F-36A547A02DAA}"
EndProject
Project("{FAE04EC0-301F-11D3-BF4B-00C04F79EFBC}") = "LicenseManager.Notification", "LicenseManager.Notification\LicenseManager.Notification.csproj", "{B5A274FE-B052-4CFE-ABE5-93EE940BA1A4}"
EndProject
Project("{FAE04EC0-301F-11D3-BF4B-00C04F79EFBC}") = "LicenseManager.Licenses", "LicenseManager.Licenses\LicenseManager.Licenses.csproj", "{C2112210-1925-4ADE-AF28-5416E2088A66}"
EndProject
Project("{FAE04EC0-301F-11D3-BF4B-00C04F79EFBC}") = "LicenseManager.Users", "LicenseManager.Users\LicenseManager.Users.csproj", "{B2C3D4E5-F6A7-4B8C-9D0E-1F2A3B4C5D6E}"
EndProject
Project("{FAE04EC0-301F-11D3-BF4B-00C04F79EFBC}") = "LicenseManager.Tests.Application", "LicenseManager.Tests.Application\LicenseManager.Tests.Application.csproj", "{77F4092A-8E8C-45C0-A343-0A55E2B40D55}"
EndProject
Global
	GlobalSection(SolutionConfigurationPlatforms) = preSolution
		Debug|Any CPU = Debug|Any CPU
		Debug|x64 = Debug|x64
		Debug|x86 = Debug|x86
		Release|Any CPU = Release|Any CPU
		Release|x64 = Release|x64
		Release|x86 = Release|x86
	EndGlobalSection
	GlobalSection(ProjectConfigurationPlatforms) = postSolution
		{798FE7D1-8587-4F4B-BF2F-2EF95A56AE79}.Debug|Any CPU.ActiveCfg = Debug|Any CPU
		{798FE7D1-8587-4F4B-BF2F-2EF95A56AE79}.Debug|Any CPU.Build.0 = Debug|Any CPU
		{798FE7D1-8587-4F4B-BF2F-2EF95A56AE79}.Debug|x64.ActiveCfg = Debug|Any CPU
		{798FE7D1-8587-4F4B-BF2F-2EF95A56AE79}.Debug|x64.Build.0 = Debug|Any CPU
		{798FE7D1-8587-4F4B-BF2F-2EF95A56AE79}.Debug|x86.ActiveCfg = Debug|Any CPU
		{798FE7D1-8587-4F4B-BF2F-2EF95A56AE79}.Debug|x86.Build.0 = Debug|Any CPU
		{798FE7D1-8587-4F4B-BF2F-2EF95A56AE79}.Release|Any CPU.ActiveCfg = Release|Any CPU
		{798FE7D1-8587-4F4B-BF2F-2EF95A56AE79}.Release|Any CPU.Build.0 = Release|Any CPU
		{798FE7D1-8587-4F4B-BF2F-2EF95A56AE79}.Release|x64.ActiveCfg = Release|Any CPU
		{798FE7D1-8587-4F4B-BF2F-2EF95A56AE79}.Release|x64.Build.0 = Release|Any CPU
		{798FE7D1-8587-4F4B-BF2F-2EF95A56AE79}.Release|x86.ActiveCfg = Release|Any CPU
		{798FE7D1-8587-4F4B-BF2F-2EF95A56AE79}.Release|x86.Build.0 = Release|Any CPU
		{9D8AF0A4-4064-4503-BA80-E9572186C9EA}.Debug|Any CPU.ActiveCfg = Debug|Any CPU
		{9D8AF0A4-4064-4503-BA80-E9572186C9EA}.Debug|Any CPU.Build.0 = Debug|Any CPU
		{9D8AF0A4-4064-4503-BA80-E9572186C9EA}.Release|Any CPU.ActiveCfg = Release|Any CPU
		{9D8AF0A4-4064-4503-BA80-E9572186C9EA}.Release|Any CPU.Build.0 = Release|Any CPU
		{D9E33767-D135-470A-B62F-36A547A02DAA}.Debug|Any CPU.ActiveCfg = Debug|Any CPU
		{D9E33767-D135-470A-B62F-36A547A02DAA}.Debug|Any CPU.Build.0 = Debug|Any CPU
		{D9E33767-D135-470A-B62F-36A547A02DAA}.Release|Any CPU.ActiveCfg = Release|Any CPU
		{D9E33767-D135-470A-B62F-36A547A02DAA}.Release|Any CPU.Build.0 = Release|Any CPU
		{B5A274FE-B052-4CFE-ABE5-93EE940BA1A4}.Debug|Any CPU.ActiveCfg = Debug|Any CPU
		{B5A274FE-B052-4CFE-ABE5-93EE940BA1A4}.Debug|Any CPU.Build.0 = Debug|Any CPU
		{B5A274FE-B052-4CFE-ABE5-93EE940BA1A4}.Release|Any CPU.ActiveCfg = Release|Any CPU
		{B5A274FE-B052-4CFE-ABE5-93EE940BA1A4}.Release|Any CPU.Build.0 = Release|Any CPU
		{C2112210-1925-4ADE-AF28-5416E2088A66}.Debug|Any CPU.ActiveCfg = Debug|Any CPU
		{C2112210-1925-4ADE-AF28-5416E2088A66}.Debug|Any CPU.Build.0 = Debug|Any CPU
		{C2112210-1925-4ADE-AF28-5416E2088A66}.Release|Any CPU.ActiveCfg = Release|Any CPU
		{C2112210-1925-4ADE-AF28-5416E2088A66}.Release|Any CPU.Build.0 = Release|Any CPU
		{B2C3D4E5-F6A7-4B8C-9D0E-1F2A3B4C5D6E}.Debug|Any CPU.ActiveCfg = Debug|Any CPU
		{B2C3D4E5-F6A7-4B8C-9D0E-1F2A3B4C5D6E}.Debug|Any CPU.Build.0 = Debug|Any CPU
		{B2C3D4E5-F6A7-4B8C-9D0E-1F2A3B4C5D6E}.Release|Any CPU.ActiveCfg = Release|Any CPU
		{B2C3D4E5-F6A7-4B8C-9D0E-1F2A3B4C5D6E}.Release|Any CPU.Build.0 = Release|Any CPU
		{77F4092A-8E8C-45C0-A343-0A55E2B40D55}.Debug|Any CPU.ActiveCfg = Debug|Any CPU
		{77F4092A-8E8C-45C0-A343-0A55E2B40D55}.Debug|Any CPU.Build.0 = Debug|Any CPU
		{77F4092A-8E8C-45C0-A343-0A55E2B40D55}.Release|Any CPU.ActiveCfg = Release|Any CPU
		{77F4092A-8E8C-45C0-A343-0A55E2B40D55}.Release|Any CPU.Build.0 = Release|Any CPU
	EndGlobalSection
	GlobalSection(NestedProjects) = preSolution
		{D9E33767-D135-470A-B62F-36A547A02DAA} = {87DE7A78-D40F-4DA0-84C4-4F861AAE745D}
		{B5A274FE-B052-4CFE-ABE5-93EE940BA1A4} = {87DE7A78-D40F-4DA0-84C4-4F861AAE745D}
		{C2112210-1925-4ADE-AF28-5416E2088A66} = {87DE7A78-D40F-4DA0-84C4-4F861AAE745D}
		{B2C3D4E5-F6A7-4B8C-9D0E-1F2A3B4C5D6E} = {87DE7A78-D40F-4DA0-84C4-4F861AAE745D}
	EndGlobalSection
EndGlobal
